
Microsoft Visual Studio Solution File, Format Version 12.00
# Visual Studio 15
VisualStudioVersion = 15.0.27428.2015
MinimumVisualStudioVersion = 10.0.40219.1
Project("{FAE04EC0-301F-11D3-BF4B-00C04F79EFBC}") = "HIFFitnessOtomasyon", "HIFFitnessOtomasyon\HIFFitnessOtomasyon.csproj", "{867E64C2-3754-4D8B-8937-EF8C4A232378}"
EndProject
Global
	GlobalSection(SolutionConfigurationPlatforms) = preSolution
		Debug|Any CPU = Debug|Any CPU
		Release|Any CPU = Release|Any CPU
	EndGlobalSection
	GlobalSection(ProjectConfigurationPlatforms) = postSolution
		{867E64C2-3754-4D8B-8937-EF8C4A232378}.Debug|Any CPU.ActiveCfg = Debug|Any CPU
		{867E64C2-3754-4D8B-8937-EF8C4A232378}.Debug|Any CPU.Build.0 = Debug|Any CPU
		{867E64C2-3754-4D8B-8937-EF8C4A232378}.Release|Any CPU.ActiveCfg = Release|Any CPU
		{867E64C2-3754-4D8B-8937-EF8C4A232378}.Release|Any CPU.Build.0 = Release|Any CPU
	EndGlobalSection
	GlobalSection(SolutionProperties) = preSolution
		HideSolutionNode = FALSE
	EndGlobalSection
	GlobalSection(ExtensibilityGlobals) = postSolution
		SolutionGuid = {B2EAD418-20CA-42BD-A752-BC7694FFD0A9}
	EndGlobalSection
EndGlobal
